// !$*UTF8*$!
{
	archiveVersion = 1;
	classes = {
	};
	objectVersion = 56;
	objects = {

/* Begin PBXBuildFile section */
		BB5F1B4B28FF274F00B4C7D7 /* EquationSelection.swift in Sources */ = {isa = PBXBuildFile; fileRef = BB5F1B4A28FF274F00B4C7D7 /* EquationSelection.swift */; };
		BB5F1B4D28FF2A1900B4C7D7 /* MiffinStJeor.swift in Sources */ = {isa = PBXBuildFile; fileRef = BB5F1B4C28FF2A1900B4C7D7 /* MiffinStJeor.swift */; };
		BB5F1B4F28FF2B4200B4C7D7 /* HarrisBenedict.swift in Sources */ = {isa = PBXBuildFile; fileRef = BB5F1B4E28FF2B4200B4C7D7 /* HarrisBenedict.swift */; };
		BB5F1B5128FF2B9E00B4C7D7 /* Livingston.swift in Sources */ = {isa = PBXBuildFile; fileRef = BB5F1B5028FF2B9E00B4C7D7 /* Livingston.swift */; };
		BB5F1B5328FF2BF600B4C7D7 /* PennStateThree.swift in Sources */ = {isa = PBXBuildFile; fileRef = BB5F1B5228FF2BF600B4C7D7 /* PennStateThree.swift */; };
		BB5F1B5528FF2C0800B4C7D7 /* PennStateTen.swift in Sources */ = {isa = PBXBuildFile; fileRef = BB5F1B5428FF2C0800B4C7D7 /* PennStateTen.swift */; };
		BB5F1B5728FF2C1800B4C7D7 /* TotalCals.swift in Sources */ = {isa = PBXBuildFile; fileRef = BB5F1B5628FF2C1800B4C7D7 /* TotalCals.swift */; };
		BBFC71C828F501B700CDDC0A /* CalCountApp.swift in Sources */ = {isa = PBXBuildFile; fileRef = BBFC71C728F501B700CDDC0A /* CalCountApp.swift */; };
		BBFC71CA28F501B700CDDC0A /* ContentView.swift in Sources */ = {isa = PBXBuildFile; fileRef = BBFC71C928F501B700CDDC0A /* ContentView.swift */; };
		BBFC71CC28F501B900CDDC0A /* Assets.xcassets in Resources */ = {isa = PBXBuildFile; fileRef = BBFC71CB28F501B900CDDC0A /* Assets.xcassets */; };
		BBFC71CF28F501B900CDDC0A /* Preview Assets.xcassets in Resources */ = {isa = PBXBuildFile; fileRef = BBFC71CE28F501B900CDDC0A /* Preview Assets.xcassets */; };
		BBFC71D628F502EE00CDDC0A /* SplashScreenView.swift in Sources */ = {isa = PBXBuildFile; fileRef = BBFC71D528F502EE00CDDC0A /* SplashScreenView.swift */; };
/* End PBXBuildFile section */

/* Begin PBXFileReference section */
		BB5F1B4A28FF274F00B4C7D7 /* EquationSelection.swift */ = {isa = PBXFileReference; lastKnownFileType = sourcecode.swift; path = EquationSelection.swift; sourceTree = "<group>"; };
		BB5F1B4C28FF2A1900B4C7D7 /* MiffinStJeor.swift */ = {isa = PBXFileReference; lastKnownFileType = sourcecode.swift; path = MiffinStJeor.swift; sourceTree = "<group>"; };
		BB5F1B4E28FF2B4200B4C7D7 /* HarrisBenedict.swift */ = {isa = PBXFileReference; lastKnownFileType = sourcecode.swift; path = HarrisBenedict.swift; sourceTree = "<group>"; };
		BB5F1B5028FF2B9E00B4C7D7 /* Livingston.swift */ = {isa = PBXFileReference; lastKnownFileType = sourcecode.swift; path = Livingston.swift; sourceTree = "<group>"; };
		BB5F1B5228FF2BF600B4C7D7 /* PennStateThree.swift */ = {isa = PBXFileReference; lastKnownFileType = sourcecode.swift; path = PennStateThree.swift; sourceTree = "<group>"; };
		BB5F1B5428FF2C0800B4C7D7 /* PennStateTen.swift */ = {isa = PBXFileReference; lastKnownFileType = sourcecode.swift; path = PennStateTen.swift; sourceTree = "<group>"; };
		BB5F1B5628FF2C1800B4C7D7 /* TotalCals.swift */ = {isa = PBXFileReference; lastKnownFileType = sourcecode.swift; path = TotalCals.swift; sourceTree = "<group>"; };
		BBFC71C428F501B700CDDC0A /* CalCount.app */ = {isa = PBXFileReference; explicitFileType = wrapper.application; includeInIndex = 0; path = CalCount.app; sourceTree = BUILT_PRODUCTS_DIR; };
		BBFC71C728F501B700CDDC0A /* CalCountApp.swift */ = {isa = PBXFileReference; lastKnownFileType = sourcecode.swift; path = CalCountApp.swift; sourceTree = "<group>"; };
		BBFC71C928F501B700CDDC0A /* ContentView.swift */ = {isa = PBXFileReference; lastKnownFileType = sourcecode.swift; path = ContentView.swift; sourceTree = "<group>"; };
		BBFC71CB28F501B900CDDC0A /* Assets.xcassets */ = {isa = PBXFileReference; lastKnownFileType = folder.assetcatalog; path = Assets.xcassets; sourceTree = "<group>"; };
		BBFC71CE28F501B900CDDC0A /* Preview Assets.xcassets */ = {isa = PBXFileReference; lastKnownFileType = folder.assetcatalog; path = "Preview Assets.xcassets"; sourceTree = "<group>"; };
		BBFC71D528F502EE00CDDC0A /* SplashScreenView.swift */ = {isa = PBXFileReference; lastKnownFileType = sourcecode.swift; path = SplashScreenView.swift; sourceTree = "<group>"; };
/* End PBXFileReference section */

/* Begin PBXFrameworksBuildPhase section */
		BBFC71C128F501B700CDDC0A /* Frameworks */ = {
			isa = PBXFrameworksBuildPhase;
			buildActionMask = 2147483647;
			files = (
			);
			runOnlyForDeploymentPostprocessing = 0;
		};
/* End PBXFrameworksBuildPhase section */

/* Begin PBXGroup section */
		BBFC71BB28F501B700CDDC0A = {
			isa = PBXGroup;
			children = (
				BBFC71C628F501B700CDDC0A /* CalCount */,
				BBFC71C528F501B700CDDC0A /* Products */,
			);
			sourceTree = "<group>";
		};
		BBFC71C528F501B700CDDC0A /* Products */ = {
			isa = PBXGroup;
			children = (
				BBFC71C428F501B700CDDC0A /* CalCount.app */,
			);
			name = Products;
			sourceTree = "<group>";
		};
		BBFC71C628F501B700CDDC0A /* CalCount */ = {
			isa = PBXGroup;
			children = (
				BBFC71C728F501B700CDDC0A /* CalCountApp.swift */,
				BBFC71D528F502EE00CDDC0A /* SplashScreenView.swift */,
				BBFC71C928F501B700CDDC0A /* ContentView.swift */,
				BB5F1B4A28FF274F00B4C7D7 /* EquationSelection.swift */,
				BB5F1B4C28FF2A1900B4C7D7 /* MiffinStJeor.swift */,
				BB5F1B4E28FF2B4200B4C7D7 /* HarrisBenedict.swift */,
				BB5F1B5028FF2B9E00B4C7D7 /* Livingston.swift */,
				BB5F1B5228FF2BF600B4C7D7 /* PennStateThree.swift */,
				BB5F1B5428FF2C0800B4C7D7 /* PennStateTen.swift */,
				BB5F1B5628FF2C1800B4C7D7 /* TotalCals.swift */,
				BBFC71CB28F501B900CDDC0A /* Assets.xcassets */,
				BBFC71CD28F501B900CDDC0A /* Preview Content */,
			);
			path = CalCount;
			sourceTree = "<group>";
		};
		BBFC71CD28F501B900CDDC0A /* Preview Content */ = {
			isa = PBXGroup;
			children = (
				BBFC71CE28F501B900CDDC0A /* Preview Assets.xcassets */,
			);
			path = "Preview Content";
			sourceTree = "<group>";
		};
/* End PBXGroup section */

/* Begin PBXNativeTarget section */
		BBFC71C328F501B700CDDC0A /* CalCount */ = {
			isa = PBXNativeTarget;
			buildConfigurationList = BBFC71D228F501B900CDDC0A /* Build configuration list for PBXNativeTarget "CalCount" */;
			buildPhases = (
				BBFC71C028F501B700CDDC0A /* Sources */,
				BBFC71C128F501B700CDDC0A /* Frameworks */,
				BBFC71C228F501B700CDDC0A /* Resources */,
			);
			buildRules = (
			);
			dependencies = (
			);
			name = CalCount;
			productName = CalCount;
			productReference = BBFC71C428F501B700CDDC0A /* CalCount.app */;
			productType = "com.apple.product-type.application";
		};
/* End PBXNativeTarget section */

/* Begin PBXProject section */
		BBFC71BC28F501B700CDDC0A /* Project object */ = {
			isa = PBXProject;
			attributes = {
				BuildIndependentTargetsInParallel = 1;
				LastSwiftUpdateCheck = 1400;
				LastUpgradeCheck = 1400;
				TargetAttributes = {
					BBFC71C328F501B700CDDC0A = {
						CreatedOnToolsVersion = 14.0.1;
					};
				};
			};
			buildConfigurationList = BBFC71BF28F501B700CDDC0A /* Build configuration list for PBXProject "CalCount" */;
			compatibilityVersion = "Xcode 14.0";
			developmentRegion = en;
			hasScannedForEncodings = 0;
			knownRegions = (
				en,
				Base,
			);
			mainGroup = BBFC71BB28F501B700CDDC0A;
			productRefGroup = BBFC71C528F501B700CDDC0A /* Products */;
			projectDirPath = "";
			projectRoot = "";
			targets = (
				BBFC71C328F501B700CDDC0A /* CalCount */,
			);
		};
/* End PBXProject section */

/* Begin PBXResourcesBuildPhase section */
		BBFC71C228F501B700CDDC0A /* Resources */ = {
			isa = PBXResourcesBuildPhase;
			buildActionMask = 2147483647;
			files = (
				BBFC71CF28F501B900CDDC0A /* Preview Assets.xcassets in Resources */,
				BBFC71CC28F501B900CDDC0A /* Assets.xcassets in Resources */,
			);
			runOnlyForDeploymentPostprocessing = 0;
		};
/* End PBXResourcesBuildPhase section */

/* Begin PBXSourcesBuildPhase section */
		BBFC71C028F501B700CDDC0A /* Sources */ = {
			isa = PBXSourcesBuildPhase;
			buildActionMask = 2147483647;
			files = (
				BB5F1B5328FF2BF600B4C7D7 /* PennStateThree.swift in Sources */,
				BB5F1B5128FF2B9E00B4C7D7 /* Livingston.swift in Sources */,
				BB5F1B5728FF2C1800B4C7D7 /* TotalCals.swift in Sources */,
				BB5F1B4B28FF274F00B4C7D7 /* EquationSelection.swift in Sources */,
				BBFC71CA28F501B700CDDC0A /* ContentView.swift in Sources */,
				BB5F1B4D28FF2A1900B4C7D7 /* MiffinStJeor.swift in Sources */,
				BBFC71C828F501B700CDDC0A /* CalCountApp.swift in Sources */,
				BB5F1B4F28FF2B4200B4C7D7 /* HarrisBenedict.swift in Sources */,
				BBFC71D628F502EE00CDDC0A /* SplashScreenView.swift in Sources */,
				BB5F1B5528FF2C0800B4C7D7 /* PennStateTen.swift in Sources */,
			);
			runOnlyForDeploymentPostprocessing = 0;
		};
/* End PBXSourcesBuildPhase section */

/* Begin XCBuildConfiguration section */
		BBFC71D028F501B900CDDC0A /* Debug */ = {
			isa = XCBuildConfiguration;
			buildSettings = {
				ALWAYS_SEARCH_USER_PATHS = NO;
				CLANG_ANALYZER_NONNULL = YES;
				CLANG_ANALYZER_NUMBER_OBJECT_CONVERSION = YES_AGGRESSIVE;
				CLANG_CXX_LANGUAGE_STANDARD = "gnu++20";
				CLANG_ENABLE_MODULES = YES;
				CLANG_ENABLE_OBJC_ARC = YES;
				CLANG_ENABLE_OBJC_WEAK = YES;
				CLANG_WARN_BLOCK_CAPTURE_AUTORELEASING = YES;
				CLANG_WARN_BOOL_CONVERSION = YES;
				CLANG_WARN_COMMA = YES;
				CLANG_WARN_CONSTANT_CONVERSION = YES;
				CLANG_WARN_DEPRECATED_OBJC_IMPLEMENTATIONS = YES;
				CLANG_WARN_DIRECT_OBJC_ISA_USAGE = YES_ERROR;
				CLANG_WARN_DOCUMENTATION_COMMENTS = YES;
				CLANG_WARN_EMPTY_BODY = YES;
				CLANG_WARN_ENUM_CONVERSION = YES;
				CLANG_WARN_INFINITE_RECURSION = YES;
				CLANG_WARN_INT_CONVERSION = YES;
				CLANG_WARN_NON_LITERAL_NULL_CONVERSION = YES;
				CLANG_WARN_OBJC_IMPLICIT_RETAIN_SELF = YES;
				CLANG_WARN_OBJC_LITERAL_CONVERSION = YES;
				CLANG_WARN_OBJC_ROOT_CLASS = YES_ERROR;
				CLANG_WARN_QUOTED_INCLUDE_IN_FRAMEWORK_HEADER = YES;
				CLANG_WARN_RANGE_LOOP_ANALYSIS = YES;
				CLANG_WARN_STRICT_PROTOTYPES = YES;
				CLANG_WARN_SUSPICIOUS_MOVE = YES;
				CLANG_WARN_UNGUARDED_AVAILABILITY = YES_AGGRESSIVE;
				CLANG_WARN_UNREACHABLE_CODE = YES;
				CLANG_WARN__DUPLICATE_METHOD_MATCH = YES;
				COPY_PHASE_STRIP = NO;
				DEBUG_INFORMATION_FORMAT = dwarf;
				ENABLE_STRICT_OBJC_MSGSEND = YES;
				ENABLE_TESTABILITY = YES;
				GCC_C_LANGUAGE_STANDARD = gnu11;
				GCC_DYNAMIC_NO_PIC = NO;
				GCC_NO_COMMON_BLOCKS = YES;
				GCC_OPTIMIZATION_LEVEL = 0;
				GCC_PREPROCESSOR_DEFINITIONS = (
					"DEBUG=1",
					"$(inherited)",
				);
				GCC_WARN_64_TO_32_BIT_CONVERSION = YES;
				GCC_WARN_ABOUT_RETURN_TYPE = YES_ERROR;
				GCC_WARN_UNDECLARED_SELECTOR = YES;
				GCC_WARN_UNINITIALIZED_AUTOS = YES_AGGRESSIVE;
				GCC_WARN_UNUSED_FUNCTION = YES;
				GCC_WARN_UNUSED_VARIABLE = YES;
				IPHONEOS_DEPLOYMENT_TARGET = 16.0;
				MTL_ENABLE_DEBUG_INFO = INCLUDE_SOURCE;
				MTL_FAST_MATH = YES;
				ONLY_ACTIVE_ARCH = YES;
				SDKROOT = iphoneos;
				SWIFT_ACTIVE_COMPILATION_CONDITIONS = DEBUG;
				SWIFT_OPTIMIZATION_LEVEL = "-Onone";
			};
			name = Debug;
		};
		BBFC71D128F501B900CDDC0A /* Release */ = {
			isa = XCBuildConfiguration;
			buildSettings = {
				ALWAYS_SEARCH_USER_PATHS = NO;
				CLANG_ANALYZER_NONNULL = YES;
				CLANG_ANALYZER_NUMBER_OBJECT_CONVERSION = YES_AGGRESSIVE;
				CLANG_CXX_LANGUAGE_STANDARD = "gnu++20";
				CLANG_ENABLE_MODULES = YES;
				CLANG_ENABLE_OBJC_ARC = YES;
				CLANG_ENABLE_OBJC_WEAK = YES;
				CLANG_WARN_BLOCK_CAPTURE_AUTORELEASING = YES;
				CLANG_WARN_BOOL_CONVERSION = YES;
				CLANG_WARN_COMMA = YES;
				CLANG_WARN_CONSTANT_CONVERSION = YES;
				CLANG_WARN_DEPRECATED_OBJC_IMPLEMENTATIONS = YES;
				CLANG_WARN_DIRECT_OBJC_ISA_USAGE = YES_ERROR;
				CLANG_WARN_DOCUMENTATION_COMMENTS = YES;
				CLANG_WARN_EMPTY_BODY = YES;
				CLANG_WARN_ENUM_CONVERSION = YES;
				CLANG_WARN_INFINITE_RECURSION = YES;
				CLANG_WARN_INT_CONVERSION = YES;
				CLANG_WARN_NON_LITERAL_NULL_CONVERSION = YES;
				CLANG_WARN_OBJC_IMPLICIT_RETAIN_SELF = YES;
				CLANG_WARN_OBJC_LITERAL_CONVERSION = YES;
				CLANG_WARN_OBJC_ROOT_CLASS = YES_ERROR;
				CLANG_WARN_QUOTED_INCLUDE_IN_FRAMEWORK_HEADER = YES;
				CLANG_WARN_RANGE_LOOP_ANALYSIS = YES;
				CLANG_WARN_STRICT_PROTOTYPES = YES;
				CLANG_WARN_SUSPICIOUS_MOVE = YES;
				CLANG_WARN_UNGUARDED_AVAILABILITY = YES_AGGRESSIVE;
				CLANG_WARN_UNREACHABLE_CODE = YES;
				CLANG_WARN__DUPLICATE_METHOD_MATCH = YES;
				COPY_PHASE_STRIP = NO;
				DEBUG_INFORMATION_FORMAT = "dwarf-with-dsym";
				ENABLE_NS_ASSERTIONS = NO;
				ENABLE_STRICT_OBJC_MSGSEND = YES;
				GCC_C_LANGUAGE_STANDARD = gnu11;
				GCC_NO_COMMON_BLOCKS = YES;
				GCC_WARN_64_TO_32_BIT_CONVERSION = YES;
				GCC_WARN_ABOUT_RETURN_TYPE = YES_ERROR;
				GCC_WARN_UNDECLARED_SELECTOR = YES;
				GCC_WARN_UNINITIALIZED_AUTOS = YES_AGGRESSIVE;
				GCC_WARN_UNUSED_FUNCTION = YES;
				GCC_WARN_UNUSED_VARIABLE = YES;
				IPHONEOS_DEPLOYMENT_TARGET = 16.0;
				MTL_ENABLE_DEBUG_INFO = NO;
				MTL_FAST_MATH = YES;
				SDKROOT = iphoneos;
				SWIFT_COMPILATION_MODE = wholemodule;
				SWIFT_OPTIMIZATION_LEVEL = "-O";
				VALIDATE_PRODUCT = YES;
			};
			name = Release;
		};
		BBFC71D328F501B900CDDC0A /* Debug */ = {
			isa = XCBuildConfiguration;
			buildSettings = {
				ASSETCATALOG_COMPILER_APPICON_NAME = AppIcon;
				ASSETCATALOG_COMPILER_GLOBAL_ACCENT_COLOR_NAME = AccentColor;
				CODE_SIGN_STYLE = Automatic;
				CURRENT_PROJECT_VERSION = 1;
				DEVELOPMENT_ASSET_PATHS = "\"CalCount/Preview Content\"";
				ENABLE_PREVIEWS = YES;
				GENERATE_INFOPLIST_FILE = YES;
				INFOPLIST_KEY_UIApplicationSceneManifest_Generation = YES;
				INFOPLIST_KEY_UIApplicationSupportsIndirectInputEvents = YES;
				INFOPLIST_KEY_UILaunchScreen_Generation = YES;
				INFOPLIST_KEY_UISupportedInterfaceOrientations_iPad = "UIInterfaceOrientationPortrait UIInterfaceOrientationPortraitUpsideDown UIInterfaceOrientationLandscapeLeft UIInterfaceOrientationLandscapeRight";
				INFOPLIST_KEY_UISupportedInterfaceOrientations_iPhone = "UIInterfaceOrientationPortrait UIInterfaceOrientationLandscapeLeft UIInterfaceOrientationLandscapeRight";
				LD_RUNPATH_SEARCH_PATHS = (
					"$(inherited)",
					"@executable_path/Frameworks",
				);
				MARKETING_VERSION = 1.0;
				PRODUCT_BUNDLE_IDENTIFIER = "current-topics.CalCount";
				PRODUCT_NAME = "$(TARGET_NAME)";
				SWIFT_EMIT_LOC_STRINGS = YES;
				SWIFT_VERSION = 5.0;
				TARGETED_DEVICE_FAMILY = "1,2";
			};
			name = Debug;
		};
		BBFC71D428F501B900CDDC0A /* Release */ = {
			isa = XCBuildConfiguration;
			buildSettings = {
				ASSETCATALOG_COMPILER_APPICON_NAME = AppIcon;
				ASSETCATALOG_COMPILER_GLOBAL_ACCENT_COLOR_NAME = AccentColor;
				CODE_SIGN_STYLE = Automatic;
				CURRENT_PROJECT_VERSION = 1;
				DEVELOPMENT_ASSET_PATHS = "\"CalCount/Preview Content\"";
				ENABLE_PREVIEWS = YES;
				GENERATE_INFOPLIST_FILE = YES;
				INFOPLIST_KEY_UIApplicationSceneManifest_Generation = YES;
				INFOPLIST_KEY_UIApplicationSupportsIndirectInputEvents = YES;
				INFOPLIST_KEY_UILaunchScreen_Generation = YES;
				INFOPLIST_KEY_UISupportedInterfaceOrientations_iPad = "UIInterfaceOrientationPortrait UIInterfaceOrientationPortraitUpsideDown UIInterfaceOrientationLandscapeLeft UIInterfaceOrientationLandscapeRight";
				INFOPLIST_KEY_UISupportedInterfaceOrientations_iPhone = "UIInterfaceOrientationPortrait UIInterfaceOrientationLandscapeLeft UIInterfaceOrientationLandscapeRight";
				LD_RUNPATH_SEARCH_PATHS = (
					"$(inherited)",
					"@executable_path/Frameworks",
				);
				MARKETING_VERSION = 1.0;
				PRODUCT_BUNDLE_IDENTIFIER = "current-topics.CalCount";
				PRODUCT_NAME = "$(TARGET_NAME)";
				SWIFT_EMIT_LOC_STRINGS = YES;
				SWIFT_VERSION = 5.0;
				TARGETED_DEVICE_FAMILY = "1,2";
			};
			name = Release;
		};
/* End XCBuildConfiguration section */

/* Begin XCConfigurationList section */
		BBFC71BF28F501B700CDDC0A /* Build configuration list for PBXProject "CalCount" */ = {
			isa = XCConfigurationList;
			buildConfigurations = (
				BBFC71D028F501B900CDDC0A /* Debug */,
				BBFC71D128F501B900CDDC0A /* Release */,
			);
			defaultConfigurationIsVisible = 0;
			defaultConfigurationName = Release;
		};
		BBFC71D228F501B900CDDC0A /* Build configuration list for PBXNativeTarget "CalCount" */ = {
			isa = XCConfigurationList;
			buildConfigurations = (
				BBFC71D328F501B900CDDC0A /* Debug */,
				BBFC71D428F501B900CDDC0A /* Release */,
			);
			defaultConfigurationIsVisible = 0;
			defaultConfigurationName = Release;
		};
/* End XCConfigurationList section */
	};
	rootObject = BBFC71BC28F501B700CDDC0A /* Project object */;
}
