// !$*UTF8*$!
{
	archiveVersion = 1;
	classes = {
	};
	objectVersion = 55;
	objects = {

/* Begin PBXBuildFile section */
		BE05067C28D2421900C685DA /* Tests_iOS.swift in Sources */ = {isa = PBXBuildFile; fileRef = BE05067B28D2421900C685DA /* Tests_iOS.swift */; };
		BE05067E28D2421900C685DA /* Tests_iOSLaunchTests.swift in Sources */ = {isa = PBXBuildFile; fileRef = BE05067D28D2421900C685DA /* Tests_iOSLaunchTests.swift */; };
		BE05068828D2421900C685DA /* Tests_macOS.swift in Sources */ = {isa = PBXBuildFile; fileRef = BE05068728D2421900C685DA /* Tests_macOS.swift */; };
		BE05068A28D2421900C685DA /* Tests_macOSLaunchTests.swift in Sources */ = {isa = PBXBuildFile; fileRef = BE05068928D2421900C685DA /* Tests_macOSLaunchTests.swift */; };
		BE05068B28D2421900C685DA /* Thomas_Diet_AppApp.swift in Sources */ = {isa = PBXBuildFile; fileRef = BE05066328D2421600C685DA /* Thomas_Diet_AppApp.swift */; };
		BE05068C28D2421900C685DA /* Thomas_Diet_AppApp.swift in Sources */ = {isa = PBXBuildFile; fileRef = BE05066328D2421600C685DA /* Thomas_Diet_AppApp.swift */; };
		BE05068D28D2421900C685DA /* ContentView.swift in Sources */ = {isa = PBXBuildFile; fileRef = BE05066428D2421600C685DA /* ContentView.swift */; };
		BE05068E28D2421900C685DA /* ContentView.swift in Sources */ = {isa = PBXBuildFile; fileRef = BE05066428D2421600C685DA /* ContentView.swift */; };
		BE05068F28D2421900C685DA /* Assets.xcassets in Resources */ = {isa = PBXBuildFile; fileRef = BE05066528D2421900C685DA /* Assets.xcassets */; };
/* End PBXBuildFile section */

/* Begin PBXContainerItemProxy section */
		BE05067828D2421900C685DA /* PBXContainerItemProxy */ = {
			isa = PBXContainerItemProxy;
			containerPortal = BE05065E28D2421600C685DA /* Project object */;
			proxyType = 1;
			remoteGlobalIDString = BE05066928D2421900C685DA;
			remoteInfo = "Thomas Diet App (iOS)";
		};
		BE05068428D2421900C685DA /* PBXContainerItemProxy */ = {
			isa = PBXContainerItemProxy;
			containerPortal = BE05065E28D2421600C685DA /* Project object */;
			proxyType = 1;
			remoteGlobalIDString = BE05066F28D2421900C685DA;
			remoteInfo = "Thomas Diet App (macOS)";
		};
/* End PBXContainerItemProxy section */

/* Begin PBXFileReference section */
		BE05066328D2421600C685DA /* Thomas_Diet_AppApp.swift */ = {isa = PBXFileReference; lastKnownFileType = sourcecode.swift; path = Thomas_Diet_AppApp.swift; sourceTree = "<group>"; };
		BE05066428D2421600C685DA /* ContentView.swift */ = {isa = PBXFileReference; lastKnownFileType = sourcecode.swift; path = ContentView.swift; sourceTree = "<group>"; };
		BE05066528D2421900C685DA /* Assets.xcassets */ = {isa = PBXFileReference; lastKnownFileType = folder.assetcatalog; path = Assets.xcassets; sourceTree = "<group>"; };
		BE05066A28D2421900C685DA /* Thomas Diet App.app */ = {isa = PBXFileReference; explicitFileType = wrapper.application; includeInIndex = 0; path = "Thomas Diet App.app"; sourceTree = BUILT_PRODUCTS_DIR; };
		BE05067028D2421900C685DA /* Thomas Diet App.app */ = {isa = PBXFileReference; explicitFileType = wrapper.application; includeInIndex = 0; path = "Thomas Diet App.app"; sourceTree = BUILT_PRODUCTS_DIR; };
		BE05067228D2421900C685DA /* macOS.entitlements */ = {isa = PBXFileReference; lastKnownFileType = text.plist.entitlements; path = macOS.entitlements; sourceTree = "<group>"; };
		BE05067728D2421900C685DA /* Tests iOS.xctest */ = {isa = PBXFileReference; explicitFileType = wrapper.cfbundle; includeInIndex = 0; path = "Tests iOS.xctest"; sourceTree = BUILT_PRODUCTS_DIR; };
		BE05067B28D2421900C685DA /* Tests_iOS.swift */ = {isa = PBXFileReference; lastKnownFileType = sourcecode.swift; path = Tests_iOS.swift; sourceTree = "<group>"; };
		BE05067D28D2421900C685DA /* Tests_iOSLaunchTests.swift */ = {isa = PBXFileReference; lastKnownFileType = sourcecode.swift; path = Tests_iOSLaunchTests.swift; sourceTree = "<group>"; };
		BE05068328D2421900C685DA /* Tests macOS.xctest */ = {isa = PBXFileReference; explicitFileType = wrapper.cfbundle; includeInIndex = 0; path = "Tests macOS.xctest"; sourceTree = BUILT_PRODUCTS_DIR; };
		BE05068728D2421900C685DA /* Tests_macOS.swift */ = {isa = PBXFileReference; lastKnownFileType = sourcecode.swift; path = Tests_macOS.swift; sourceTree = "<group>"; };
		BE05068928D2421900C685DA /* Tests_macOSLaunchTests.swift */ = {isa = PBXFileReference; lastKnownFileType = sourcecode.swift; path = Tests_macOSLaunchTests.swift; sourceTree = "<group>"; };
/* End PBXFileReference section */

/* Begin PBXFrameworksBuildPhase section */
		BE05066728D2421900C685DA /* Frameworks */ = {
			isa = PBXFrameworksBuildPhase;
			buildActionMask = 2147483647;
			files = (
			);
			runOnlyForDeploymentPostprocessing = 0;
		};
		BE05066D28D2421900C685DA /* Frameworks */ = {
			isa = PBXFrameworksBuildPhase;
			buildActionMask = 2147483647;
			files = (
			);
			runOnlyForDeploymentPostprocessing = 0;
		};
		BE05067428D2421900C685DA /* Frameworks */ = {
			isa = PBXFrameworksBuildPhase;
			buildActionMask = 2147483647;
			files = (
			);
			runOnlyForDeploymentPostprocessing = 0;
		};
		BE05068028D2421900C685DA /* Frameworks */ = {
			isa = PBXFrameworksBuildPhase;
			buildActionMask = 2147483647;
			files = (
			);
			runOnlyForDeploymentPostprocessing = 0;
		};
/* End PBXFrameworksBuildPhase section */

/* Begin PBXGroup section */
		BE05065D28D2421600C685DA = {
			isa = PBXGroup;
			children = (
				BE05066228D2421600C685DA /* Shared */,
				BE05067128D2421900C685DA /* macOS */,
				BE05067A28D2421900C685DA /* Tests iOS */,
				BE05068628D2421900C685DA /* Tests macOS */,
				BE05066B28D2421900C685DA /* Products */,
			);
			sourceTree = "<group>";
		};
		BE05066228D2421600C685DA /* Shared */ = {
			isa = PBXGroup;
			children = (
				BE05066328D2421600C685DA /* Thomas_Diet_AppApp.swift */,
				BE05066428D2421600C685DA /* ContentView.swift */,
				BE05066528D2421900C685DA /* Assets.xcassets */,
			);
			path = Shared;
			sourceTree = "<group>";
		};
		BE05066B28D2421900C685DA /* Products */ = {
			isa = PBXGroup;
			children = (
				BE05066A28D2421900C685DA /* Thomas Diet App.app */,
				BE05067028D2421900C685DA /* Thomas Diet App.app */,
				BE05067728D2421900C685DA /* Tests iOS.xctest */,
				BE05068328D2421900C685DA /* Tests macOS.xctest */,
			);
			name = Products;
			sourceTree = "<group>";
		};
		BE05067128D2421900C685DA /* macOS */ = {
			isa = PBXGroup;
			children = (
				BE05067228D2421900C685DA /* macOS.entitlements */,
			);
			path = macOS;
			sourceTree = "<group>";
		};
		BE05067A28D2421900C685DA /* Tests iOS */ = {
			isa = PBXGroup;
			children = (
				BE05067B28D2421900C685DA /* Tests_iOS.swift */,
				BE05067D28D2421900C685DA /* Tests_iOSLaunchTests.swift */,
			);
			path = "Tests iOS";
			sourceTree = "<group>";
		};
		BE05068628D2421900C685DA /* Tests macOS */ = {
			isa = PBXGroup;
			children = (
				BE05068728D2421900C685DA /* Tests_macOS.swift */,
				BE05068928D2421900C685DA /* Tests_macOSLaunchTests.swift */,
			);
			path = "Tests macOS";
			sourceTree = "<group>";
		};
/* End PBXGroup section */

/* Begin PBXNativeTarget section */
		BE05066928D2421900C685DA /* Thomas Diet App (iOS) */ = {
			isa = PBXNativeTarget;
			buildConfigurationList = BE05069328D2421900C685DA /* Build configuration list for PBXNativeTarget "Thomas Diet App (iOS)" */;
			buildPhases = (
				BE05066628D2421900C685DA /* Sources */,
				BE05066728D2421900C685DA /* Frameworks */,
				BE05066828D2421900C685DA /* Resources */,
			);
			buildRules = (
			);
			dependencies = (
			);
			name = "Thomas Diet App (iOS)";
			productName = "Thomas Diet App (iOS)";
			productReference = BE05066A28D2421900C685DA /* Thomas Diet App.app */;
			productType = "com.apple.product-type.application";
		};
		BE05066F28D2421900C685DA /* Thomas Diet App (macOS) */ = {
			isa = PBXNativeTarget;
			buildConfigurationList = BE05069628D2421900C685DA /* Build configuration list for PBXNativeTarget "Thomas Diet App (macOS)" */;
			buildPhases = (
				BE05066C28D2421900C685DA /* Sources */,
				BE05066D28D2421900C685DA /* Frameworks */,
				BE05066E28D2421900C685DA /* Resources */,
			);
			buildRules = (
			);
			dependencies = (
			);
			name = "Thomas Diet App (macOS)";
			productName = "Thomas Diet App (macOS)";
			productReference = BE05067028D2421900C685DA /* Thomas Diet App.app */;
			productType = "com.apple.product-type.application";
		};
		BE05067628D2421900C685DA /* Tests iOS */ = {
			isa = PBXNativeTarget;
			buildConfigurationList = BE05069928D2421900C685DA /* Build configuration list for PBXNativeTarget "Tests iOS" */;
			buildPhases = (
				BE05067328D2421900C685DA /* Sources */,
				BE05067428D2421900C685DA /* Frameworks */,
				BE05067528D2421900C685DA /* Resources */,
			);
			buildRules = (
			);
			dependencies = (
				BE05067928D2421900C685DA /* PBXTargetDependency */,
			);
			name = "Tests iOS";
			productName = "Tests iOS";
			productReference = BE05067728D2421900C685DA /* Tests iOS.xctest */;
			productType = "com.apple.product-type.bundle.ui-testing";
		};
		BE05068228D2421900C685DA /* Tests macOS */ = {
			isa = PBXNativeTarget;
			buildConfigurationList = BE05069C28D2421900C685DA /* Build configuration list for PBXNativeTarget "Tests macOS" */;
			buildPhases = (
				BE05067F28D2421900C685DA /* Sources */,
				BE05068028D2421900C685DA /* Frameworks */,
				BE05068128D2421900C685DA /* Resources */,
			);
			buildRules = (
			);
			dependencies = (
				BE05068528D2421900C685DA /* PBXTargetDependency */,
			);
			name = "Tests macOS";
			productName = "Tests macOS";
			productReference = BE05068328D2421900C685DA /* Tests macOS.xctest */;
			productType = "com.apple.product-type.bundle.ui-testing";
		};
/* End PBXNativeTarget section */

/* Begin PBXProject section */
		BE05065E28D2421600C685DA /* Project object */ = {
			isa = PBXProject;
			attributes = {
				BuildIndependentTargetsInParallel = 1;
				LastSwiftUpdateCheck = 1340;
				LastUpgradeCheck = 1340;
				TargetAttributes = {
					BE05066928D2421900C685DA = {
						CreatedOnToolsVersion = 13.4.1;
					};
					BE05066F28D2421900C685DA = {
						CreatedOnToolsVersion = 13.4.1;
					};
					BE05067628D2421900C685DA = {
						CreatedOnToolsVersion = 13.4.1;
						TestTargetID = BE05066928D2421900C685DA;
					};
					BE05068228D2421900C685DA = {
						CreatedOnToolsVersion = 13.4.1;
						TestTargetID = BE05066F28D2421900C685DA;
					};
				};
			};
			buildConfigurationList = BE05066128D2421600C685DA /* Build configuration list for PBXProject "Thomas Diet App" */;
			compatibilityVersion = "Xcode 13.0";
			developmentRegion = en;
			hasScannedForEncodings = 0;
			knownRegions = (
				en,
				Base,
			);
			mainGroup = BE05065D28D2421600C685DA;
			productRefGroup = BE05066B28D2421900C685DA /* Products */;
			projectDirPath = "";
			projectRoot = "";
			targets = (
				BE05066928D2421900C685DA /* Thomas Diet App (iOS) */,
				BE05066F28D2421900C685DA /* Thomas Diet App (macOS) */,
				BE05067628D2421900C685DA /* Tests iOS */,
				BE05068228D2421900C685DA /* Tests macOS */,
			);
		};
/* End PBXProject section */

/* Begin PBXResourcesBuildPhase section */
		BE05066828D2421900C685DA /* Resources */ = {
			isa = PBXResourcesBuildPhase;
			buildActionMask = 2147483647;
			files = (
				BE05068F28D2421900C685DA /* Assets.xcassets in Resources */,
			);
			runOnlyForDeploymentPostprocessing = 0;
		};
		BE05066E28D2421900C685DA /* Resources */ = {
			isa = PBXResourcesBuildPhase;
			buildActionMask = 2147483647;
			files = (
			);
			runOnlyForDeploymentPostprocessing = 0;
		};
		BE05067528D2421900C685DA /* Resources */ = {
			isa = PBXResourcesBuildPhase;
			buildActionMask = 2147483647;
			files = (
			);
			runOnlyForDeploymentPostprocessing = 0;
		};
		BE05068128D2421900C685DA /* Resources */ = {
			isa = PBXResourcesBuildPhase;
			buildActionMask = 2147483647;
			files = (
			);
			runOnlyForDeploymentPostprocessing = 0;
		};
/* End PBXResourcesBuildPhase section */

/* Begin PBXSourcesBuildPhase section */
		BE05066628D2421900C685DA /* Sources */ = {
			isa = PBXSourcesBuildPhase;
			buildActionMask = 2147483647;
			files = (
				BE05068D28D2421900C685DA /* ContentView.swift in Sources */,
				BE05068B28D2421900C685DA /* Thomas_Diet_AppApp.swift in Sources */,
			);
			runOnlyForDeploymentPostprocessing = 0;
		};
		BE05066C28D2421900C685DA /* Sources */ = {
			isa = PBXSourcesBuildPhase;
			buildActionMask = 2147483647;
			files = (
				BE05068E28D2421900C685DA /* ContentView.swift in Sources */,
				BE05068C28D2421900C685DA /* Thomas_Diet_AppApp.swift in Sources */,
			);
			runOnlyForDeploymentPostprocessing = 0;
		};
		BE05067328D2421900C685DA /* Sources */ = {
			isa = PBXSourcesBuildPhase;
			buildActionMask = 2147483647;
			files = (
				BE05067E28D2421900C685DA /* Tests_iOSLaunchTests.swift in Sources */,
				BE05067C28D2421900C685DA /* Tests_iOS.swift in Sources */,
			);
			runOnlyForDeploymentPostprocessing = 0;
		};
		BE05067F28D2421900C685DA /* Sources */ = {
			isa = PBXSourcesBuildPhase;
			buildActionMask = 2147483647;
			files = (
				BE05068A28D2421900C685DA /* Tests_macOSLaunchTests.swift in Sources */,
				BE05068828D2421900C685DA /* Tests_macOS.swift in Sources */,
			);
			runOnlyForDeploymentPostprocessing = 0;
		};
/* End PBXSourcesBuildPhase section */

/* Begin PBXTargetDependency section */
		BE05067928D2421900C685DA /* PBXTargetDependency */ = {
			isa = PBXTargetDependency;
			target = BE05066928D2421900C685DA /* Thomas Diet App (iOS) */;
			targetProxy = BE05067828D2421900C685DA /* PBXContainerItemProxy */;
		};
		BE05068528D2421900C685DA /* PBXTargetDependency */ = {
			isa = PBXTargetDependency;
			target = BE05066F28D2421900C685DA /* Thomas Diet App (macOS) */;
			targetProxy = BE05068428D2421900C685DA /* PBXContainerItemProxy */;
		};
/* End PBXTargetDependency section */

/* Begin XCBuildConfiguration section */
		BE05069128D2421900C685DA /* Debug */ = {
			isa = XCBuildConfiguration;
			buildSettings = {
				ALWAYS_SEARCH_USER_PATHS = NO;
				CLANG_ANALYZER_NONNULL = YES;
				CLANG_ANALYZER_NUMBER_OBJECT_CONVERSION = YES_AGGRESSIVE;
				CLANG_CXX_LANGUAGE_STANDARD = "gnu++17";
				CLANG_ENABLE_MODULES = YES;
				CLANG_ENABLE_OBJC_ARC = YES;
				CLANG_ENABLE_OBJC_WEAK = YES;
				CLANG_WARN_BLOCK_CAPTURE_AUTORELEASING = YES;
				CLANG_WARN_BOOL_CONVERSION = YES;
				CLANG_WARN_COMMA = YES;
				CLANG_WARN_CONSTANT_CONVERSION = YES;
				CLANG_WARN_DEPRECATED_OBJC_IMPLEMENTATIONS = YES;
				CLANG_WARN_DIRECT_OBJC_ISA_USAGE = YES_ERROR;
				CLANG_WARN_DOCUMENTATION_COMMENTS = YES;
				CLANG_WARN_EMPTY_BODY = YES;
				CLANG_WARN_ENUM_CONVERSION = YES;
				CLANG_WARN_INFINITE_RECURSION = YES;
				CLANG_WARN_INT_CONVERSION = YES;
				CLANG_WARN_NON_LITERAL_NULL_CONVERSION = YES;
				CLANG_WARN_OBJC_IMPLICIT_RETAIN_SELF = YES;
				CLANG_WARN_OBJC_LITERAL_CONVERSION = YES;
				CLANG_WARN_OBJC_ROOT_CLASS = YES_ERROR;
				CLANG_WARN_QUOTED_INCLUDE_IN_FRAMEWORK_HEADER = YES;
				CLANG_WARN_RANGE_LOOP_ANALYSIS = YES;
				CLANG_WARN_STRICT_PROTOTYPES = YES;
				CLANG_WARN_SUSPICIOUS_MOVE = YES;
				CLANG_WARN_UNGUARDED_AVAILABILITY = YES_AGGRESSIVE;
				CLANG_WARN_UNREACHABLE_CODE = YES;
				CLANG_WARN__DUPLICATE_METHOD_MATCH = YES;
				COPY_PHASE_STRIP = NO;
				DEBUG_INFORMATION_FORMAT = dwarf;
				ENABLE_STRICT_OBJC_MSGSEND = YES;
				ENABLE_TESTABILITY = YES;
				GCC_C_LANGUAGE_STANDARD = gnu11;
				GCC_DYNAMIC_NO_PIC = NO;
				GCC_NO_COMMON_BLOCKS = YES;
				GCC_OPTIMIZATION_LEVEL = 0;
				GCC_PREPROCESSOR_DEFINITIONS = (
					"DEBUG=1",
					"$(inherited)",
				);
				GCC_WARN_64_TO_32_BIT_CONVERSION = YES;
				GCC_WARN_ABOUT_RETURN_TYPE = YES_ERROR;
				GCC_WARN_UNDECLARED_SELECTOR = YES;
				GCC_WARN_UNINITIALIZED_AUTOS = YES_AGGRESSIVE;
				GCC_WARN_UNUSED_FUNCTION = YES;
				GCC_WARN_UNUSED_VARIABLE = YES;
				MTL_ENABLE_DEBUG_INFO = INCLUDE_SOURCE;
				MTL_FAST_MATH = YES;
				ONLY_ACTIVE_ARCH = YES;
				SWIFT_ACTIVE_COMPILATION_CONDITIONS = DEBUG;
				SWIFT_OPTIMIZATION_LEVEL = "-Onone";
			};
			name = Debug;
		};
		BE05069228D2421900C685DA /* Release */ = {
			isa = XCBuildConfiguration;
			buildSettings = {
				ALWAYS_SEARCH_USER_PATHS = NO;
				CLANG_ANALYZER_NONNULL = YES;
				CLANG_ANALYZER_NUMBER_OBJECT_CONVERSION = YES_AGGRESSIVE;
				CLANG_CXX_LANGUAGE_STANDARD = "gnu++17";
				CLANG_ENABLE_MODULES = YES;
				CLANG_ENABLE_OBJC_ARC = YES;
				CLANG_ENABLE_OBJC_WEAK = YES;
				CLANG_WARN_BLOCK_CAPTURE_AUTORELEASING = YES;
				CLANG_WARN_BOOL_CONVERSION = YES;
				CLANG_WARN_COMMA = YES;
				CLANG_WARN_CONSTANT_CONVERSION = YES;
				CLANG_WARN_DEPRECATED_OBJC_IMPLEMENTATIONS = YES;
				CLANG_WARN_DIRECT_OBJC_ISA_USAGE = YES_ERROR;
				CLANG_WARN_DOCUMENTATION_COMMENTS = YES;
				CLANG_WARN_EMPTY_BODY = YES;
				CLANG_WARN_ENUM_CONVERSION = YES;
				CLANG_WARN_INFINITE_RECURSION = YES;
				CLANG_WARN_INT_CONVERSION = YES;
				CLANG_WARN_NON_LITERAL_NULL_CONVERSION = YES;
				CLANG_WARN_OBJC_IMPLICIT_RETAIN_SELF = YES;
				CLANG_WARN_OBJC_LITERAL_CONVERSION = YES;
				CLANG_WARN_OBJC_ROOT_CLASS = YES_ERROR;
				CLANG_WARN_QUOTED_INCLUDE_IN_FRAMEWORK_HEADER = YES;
				CLANG_WARN_RANGE_LOOP_ANALYSIS = YES;
				CLANG_WARN_STRICT_PROTOTYPES = YES;
				CLANG_WARN_SUSPICIOUS_MOVE = YES;
				CLANG_WARN_UNGUARDED_AVAILABILITY = YES_AGGRESSIVE;
				CLANG_WARN_UNREACHABLE_CODE = YES;
				CLANG_WARN__DUPLICATE_METHOD_MATCH = YES;
				COPY_PHASE_STRIP = NO;
				DEBUG_INFORMATION_FORMAT = "dwarf-with-dsym";
				ENABLE_NS_ASSERTIONS = NO;
				ENABLE_STRICT_OBJC_MSGSEND = YES;
				GCC_C_LANGUAGE_STANDARD = gnu11;
				GCC_NO_COMMON_BLOCKS = YES;
				GCC_WARN_64_TO_32_BIT_CONVERSION = YES;
				GCC_WARN_ABOUT_RETURN_TYPE = YES_ERROR;
				GCC_WARN_UNDECLARED_SELECTOR = YES;
				GCC_WARN_UNINITIALIZED_AUTOS = YES_AGGRESSIVE;
				GCC_WARN_UNUSED_FUNCTION = YES;
				GCC_WARN_UNUSED_VARIABLE = YES;
				MTL_ENABLE_DEBUG_INFO = NO;
				MTL_FAST_MATH = YES;
				SWIFT_COMPILATION_MODE = wholemodule;
				SWIFT_OPTIMIZATION_LEVEL = "-O";
			};
			name = Release;
		};
		BE05069428D2421900C685DA /* Debug */ = {
			isa = XCBuildConfiguration;
			buildSettings = {
				ASSETCATALOG_COMPILER_APPICON_NAME = AppIcon;
				ASSETCATALOG_COMPILER_GLOBAL_ACCENT_COLOR_NAME = AccentColor;
				CODE_SIGN_STYLE = Automatic;
				CURRENT_PROJECT_VERSION = 1;
				DEVELOPMENT_TEAM = T25X4LCF23;
				ENABLE_PREVIEWS = YES;
				GENERATE_INFOPLIST_FILE = YES;
				INFOPLIST_KEY_UIApplicationSceneManifest_Generation = YES;
				INFOPLIST_KEY_UIApplicationSupportsIndirectInputEvents = YES;
				INFOPLIST_KEY_UILaunchScreen_Generation = YES;
				INFOPLIST_KEY_UISupportedInterfaceOrientations = UIInterfaceOrientationPortrait;
				INFOPLIST_KEY_UISupportedInterfaceOrientations_iPad = "UIInterfaceOrientationPortrait UIInterfaceOrientationPortraitUpsideDown UIInterfaceOrientationLandscapeLeft UIInterfaceOrientationLandscapeRight";
				INFOPLIST_KEY_UISupportedInterfaceOrientations_iPhone = "UIInterfaceOrientationPortrait UIInterfaceOrientationLandscapeLeft UIInterfaceOrientationLandscapeRight";
				IPHONEOS_DEPLOYMENT_TARGET = 15.5;
				LD_RUNPATH_SEARCH_PATHS = (
					"$(inherited)",
					"@executable_path/Frameworks",
				);
				MARKETING_VERSION = 1.0;
				PRODUCT_BUNDLE_IDENTIFIER = "com.MyApp.Thomas-Diet-App";
				PRODUCT_NAME = "Thomas Diet App";
				SDKROOT = iphoneos;
				SWIFT_EMIT_LOC_STRINGS = YES;
				SWIFT_VERSION = 5.0;
				TARGETED_DEVICE_FAMILY = 1;
			};
			name = Debug;
		};
		BE05069528D2421900C685DA /* Release */ = {
			isa = XCBuildConfiguration;
			buildSettings = {
				ASSETCATALOG_COMPILER_APPICON_NAME = AppIcon;
				ASSETCATALOG_COMPILER_GLOBAL_ACCENT_COLOR_NAME = AccentColor;
				CODE_SIGN_STYLE = Automatic;
				CURRENT_PROJECT_VERSION = 1;
				DEVELOPMENT_TEAM = T25X4LCF23;
				ENABLE_PREVIEWS = YES;
				GENERATE_INFOPLIST_FILE = YES;
				INFOPLIST_KEY_UIApplicationSceneManifest_Generation = YES;
				INFOPLIST_KEY_UIApplicationSupportsIndirectInputEvents = YES;
				INFOPLIST_KEY_UILaunchScreen_Generation = YES;
				INFOPLIST_KEY_UISupportedInterfaceOrientations = UIInterfaceOrientationPortrait;
				INFOPLIST_KEY_UISupportedInterfaceOrientations_iPad = "UIInterfaceOrientationPortrait UIInterfaceOrientationPortraitUpsideDown UIInterfaceOrientationLandscapeLeft UIInterfaceOrientationLandscapeRight";
				INFOPLIST_KEY_UISupportedInterfaceOrientations_iPhone = "UIInterfaceOrientationPortrait UIInterfaceOrientationLandscapeLeft UIInterfaceOrientationLandscapeRight";
				IPHONEOS_DEPLOYMENT_TARGET = 15.5;
				LD_RUNPATH_SEARCH_PATHS = (
					"$(inherited)",
					"@executable_path/Frameworks",
				);
				MARKETING_VERSION = 1.0;
				PRODUCT_BUNDLE_IDENTIFIER = "com.MyApp.Thomas-Diet-App";
				PRODUCT_NAME = "Thomas Diet App";
				SDKROOT = iphoneos;
				SWIFT_EMIT_LOC_STRINGS = YES;
				SWIFT_VERSION = 5.0;
				TARGETED_DEVICE_FAMILY = 1;
				VALIDATE_PRODUCT = YES;
			};
			name = Release;
		};
		BE05069728D2421900C685DA /* Debug */ = {
			isa = XCBuildConfiguration;
			buildSettings = {
				ASSETCATALOG_COMPILER_APPICON_NAME = AppIcon;
				ASSETCATALOG_COMPILER_GLOBAL_ACCENT_COLOR_NAME = AccentColor;
				CODE_SIGN_ENTITLEMENTS = macOS/macOS.entitlements;
				CODE_SIGN_STYLE = Automatic;
				COMBINE_HIDPI_IMAGES = YES;
				CURRENT_PROJECT_VERSION = 1;
				ENABLE_PREVIEWS = YES;
				GENERATE_INFOPLIST_FILE = YES;
				INFOPLIST_KEY_NSHumanReadableCopyright = "";
				LD_RUNPATH_SEARCH_PATHS = (
					"$(inherited)",
					"@executable_path/../Frameworks",
				);
				MACOSX_DEPLOYMENT_TARGET = 12.0;
				MARKETING_VERSION = 1.0;
				PRODUCT_BUNDLE_IDENTIFIER = "com.MyApp.Thomas-Diet-App";
				PRODUCT_NAME = "Thomas Diet App";
				SDKROOT = macosx;
				SWIFT_EMIT_LOC_STRINGS = YES;
				SWIFT_VERSION = 5.0;
			};
			name = Debug;
		};
		BE05069828D2421900C685DA /* Release */ = {
			isa = XCBuildConfiguration;
			buildSettings = {
				ASSETCATALOG_COMPILER_APPICON_NAME = AppIcon;
				ASSETCATALOG_COMPILER_GLOBAL_ACCENT_COLOR_NAME = AccentColor;
				CODE_SIGN_ENTITLEMENTS = macOS/macOS.entitlements;
				CODE_SIGN_STYLE = Automatic;
				COMBINE_HIDPI_IMAGES = YES;
				CURRENT_PROJECT_VERSION = 1;
				ENABLE_PREVIEWS = YES;
				GENERATE_INFOPLIST_FILE = YES;
				INFOPLIST_KEY_NSHumanReadableCopyright = "";
				LD_RUNPATH_SEARCH_PATHS = (
					"$(inherited)",
					"@executable_path/../Frameworks",
				);
				MACOSX_DEPLOYMENT_TARGET = 12.0;
				MARKETING_VERSION = 1.0;
				PRODUCT_BUNDLE_IDENTIFIER = "com.MyApp.Thomas-Diet-App";
				PRODUCT_NAME = "Thomas Diet App";
				SDKROOT = macosx;
				SWIFT_EMIT_LOC_STRINGS = YES;
				SWIFT_VERSION = 5.0;
			};
			name = Release;
		};
		BE05069A28D2421900C685DA /* Debug */ = {
			isa = XCBuildConfiguration;
			buildSettings = {
				ALWAYS_EMBED_SWIFT_STANDARD_LIBRARIES = YES;
				CODE_SIGN_STYLE = Automatic;
				CURRENT_PROJECT_VERSION = 1;
				GENERATE_INFOPLIST_FILE = YES;
				IPHONEOS_DEPLOYMENT_TARGET = 15.5;
				MARKETING_VERSION = 1.0;
				PRODUCT_BUNDLE_IDENTIFIER = "com.MyApp.Tests-iOS";
				PRODUCT_NAME = "$(TARGET_NAME)";
				SDKROOT = iphoneos;
				SWIFT_EMIT_LOC_STRINGS = NO;
				SWIFT_VERSION = 5.0;
				TARGETED_DEVICE_FAMILY = "1,2";
				TEST_TARGET_NAME = "Thomas Diet App (iOS)";
			};
			name = Debug;
		};
		BE05069B28D2421900C685DA /* Release */ = {
			isa = XCBuildConfiguration;
			buildSettings = {
				ALWAYS_EMBED_SWIFT_STANDARD_LIBRARIES = YES;
				CODE_SIGN_STYLE = Automatic;
				CURRENT_PROJECT_VERSION = 1;
				GENERATE_INFOPLIST_FILE = YES;
				IPHONEOS_DEPLOYMENT_TARGET = 15.5;
				MARKETING_VERSION = 1.0;
				PRODUCT_BUNDLE_IDENTIFIER = "com.MyApp.Tests-iOS";
				PRODUCT_NAME = "$(TARGET_NAME)";
				SDKROOT = iphoneos;
				SWIFT_EMIT_LOC_STRINGS = NO;
				SWIFT_VERSION = 5.0;
				TARGETED_DEVICE_FAMILY = "1,2";
				TEST_TARGET_NAME = "Thomas Diet App (iOS)";
				VALIDATE_PRODUCT = YES;
			};
			name = Release;
		};
		BE05069D28D2421900C685DA /* Debug */ = {
			isa = XCBuildConfiguration;
			buildSettings = {
				ALWAYS_EMBED_SWIFT_STANDARD_LIBRARIES = YES;
				CODE_SIGN_STYLE = Automatic;
				CURRENT_PROJECT_VERSION = 1;
				GENERATE_INFOPLIST_FILE = YES;
				MACOSX_DEPLOYMENT_TARGET = 12.0;
				MARKETING_VERSION = 1.0;
				PRODUCT_BUNDLE_IDENTIFIER = "com.MyApp.Tests-macOS";
				PRODUCT_NAME = "$(TARGET_NAME)";
				SDKROOT = macosx;
				SWIFT_EMIT_LOC_STRINGS = NO;
				SWIFT_VERSION = 5.0;
				TEST_TARGET_NAME = "Thomas Diet App (macOS)";
			};
			name = Debug;
		};
		BE05069E28D2421900C685DA /* Release */ = {
			isa = XCBuildConfiguration;
			buildSettings = {
				ALWAYS_EMBED_SWIFT_STANDARD_LIBRARIES = YES;
				CODE_SIGN_STYLE = Automatic;
				CURRENT_PROJECT_VERSION = 1;
				GENERATE_INFOPLIST_FILE = YES;
				MACOSX_DEPLOYMENT_TARGET = 12.0;
				MARKETING_VERSION = 1.0;
				PRODUCT_BUNDLE_IDENTIFIER = "com.MyApp.Tests-macOS";
				PRODUCT_NAME = "$(TARGET_NAME)";
				SDKROOT = macosx;
				SWIFT_EMIT_LOC_STRINGS = NO;
				SWIFT_VERSION = 5.0;
				TEST_TARGET_NAME = "Thomas Diet App (macOS)";
			};
			name = Release;
		};
/* End XCBuildConfiguration section */

/* Begin XCConfigurationList section */
		BE05066128D2421600C685DA /* Build configuration list for PBXProject "Thomas Diet App" */ = {
			isa = XCConfigurationList;
			buildConfigurations = (
				BE05069128D2421900C685DA /* Debug */,
				BE05069228D2421900C685DA /* Release */,
			);
			defaultConfigurationIsVisible = 0;
			defaultConfigurationName = Release;
		};
		BE05069328D2421900C685DA /* Build configuration list for PBXNativeTarget "Thomas Diet App (iOS)" */ = {
			isa = XCConfigurationList;
			buildConfigurations = (
				BE05069428D2421900C685DA /* Debug */,
				BE05069528D2421900C685DA /* Release */,
			);
			defaultConfigurationIsVisible = 0;
			defaultConfigurationName = Release;
		};
		BE05069628D2421900C685DA /* Build configuration list for PBXNativeTarget "Thomas Diet App (macOS)" */ = {
			isa = XCConfigurationList;
			buildConfigurations = (
				BE05069728D2421900C685DA /* Debug */,
				BE05069828D2421900C685DA /* Release */,
			);
			defaultConfigurationIsVisible = 0;
			defaultConfigurationName = Release;
		};
		BE05069928D2421900C685DA /* Build configuration list for PBXNativeTarget "Tests iOS" */ = {
			isa = XCConfigurationList;
			buildConfigurations = (
				BE05069A28D2421900C685DA /* Debug */,
				BE05069B28D2421900C685DA /* Release */,
			);
			defaultConfigurationIsVisible = 0;
			defaultConfigurationName = Release;
		};
		BE05069C28D2421900C685DA /* Build configuration list for PBXNativeTarget "Tests macOS" */ = {
			isa = XCConfigurationList;
			buildConfigurations = (
				BE05069D28D2421900C685DA /* Debug */,
				BE05069E28D2421900C685DA /* Release */,
			);
			defaultConfigurationIsVisible = 0;
			defaultConfigurationName = Release;
		};
/* End XCConfigurationList section */
	};
	rootObject = BE05065E28D2421600C685DA /* Project object */;
}
